
Microsoft Visual Studio Solution File, Format Version 12.00
# Visual Studio 2012
Project("{8BC9CEB8-8B4A-11D0-8D11-00A0C91BC942}") = "fireblast.math", "fireblast.math\fireblast.math.vcxproj", "{881A68DF-1045-422B-B7C1-4B4DAD3A6BD4}"
EndProject
Global
	GlobalSection(SolutionConfigurationPlatforms) = preSolution
		Debug|Win32 = Debug|Win32
		Release|Win32 = Release|Win32
	EndGlobalSection
	GlobalSection(ProjectConfigurationPlatforms) = postSolution
		{881A68DF-1045-422B-B7C1-4B4DAD3A6BD4}.Debug|Win32.ActiveCfg = Debug|Win32
		{881A68DF-1045-422B-B7C1-4B4DAD3A6BD4}.Debug|Win32.Build.0 = Debug|Win32
		{881A68DF-1045-422B-B7C1-4B4DAD3A6BD4}.Release|Win32.ActiveCfg = Release|Win32
		{881A68DF-1045-422B-B7C1-4B4DAD3A6BD4}.Release|Win32.Build.0 = Release|Win32
	EndGlobalSection
	GlobalSection(SolutionProperties) = preSolution
		HideSolutionNode = FALSE
	EndGlobalSection
EndGlobal
